
Microsoft Visual Studio Solution File, Format Version 12.00
# Visual Studio Version 17
VisualStudioVersion = 17.0.31912.275
MinimumVisualStudioVersion = 10.0.40219.1
Project("{FAE04EC0-301F-11D3-BF4B-00C04F79EFBC}") = "Pandory Installtxt Sorter", "Pandory Installtxt Sorter\Pandory Installtxt Sorter.csproj", "{F3C4F690-FBE7-4580-A603-A300DC38ABD7}"
EndProject
Global
	GlobalSection(SolutionConfigurationPlatforms) = preSolution
		Debug|Any CPU = Debug|Any CPU
		Release|Any CPU = Release|Any CPU
	EndGlobalSection
	GlobalSection(ProjectConfigurationPlatforms) = postSolution
		{F3C4F690-FBE7-4580-A603-A300DC38ABD7}.Debug|Any CPU.ActiveCfg = Debug|Any CPU
		{F3C4F690-FBE7-4580-A603-A300DC38ABD7}.Debug|Any CPU.Build.0 = Debug|Any CPU
		{F3C4F690-FBE7-4580-A603-A300DC38ABD7}.Release|Any CPU.ActiveCfg = Release|Any CPU
		{F3C4F690-FBE7-4580-A603-A300DC38ABD7}.Release|Any CPU.Build.0 = Release|Any CPU
	EndGlobalSection
	GlobalSection(SolutionProperties) = preSolution
		HideSolutionNode = FALSE
	EndGlobalSection
	GlobalSection(ExtensibilityGlobals) = postSolution
		SolutionGuid = {94247F87-62C3-4E48-A88E-B32388FA6686}
	EndGlobalSection
EndGlobal
